{
  "name": "ReactCart",
  "lockfileVersion": 3,
  "requires": true,
  "packages": {
    "": {
      "dependencies": {
        "product-fetch": "^1.0.0"
      }
    },
    "node_modules/product-fetch": {
      "version": "1.0.0",
      "resolved": "https://registry.npmjs.org/product-fetch/-/product-fetch-1.0.0.tgz",
      "integrity": "sha512-qlrFZFuyP6g0y2NuuFBGh/t97aqEwNnyrw05BkAs8c3CHPEKBUJVuVG0JfaCPvIR/cv3E16OqznVizhC2n9JHw==",
      "dependencies": {
        "product-fetch": "^1.0.0"
      }
    }
  }
}
